// !$*UTF8*$!
{
	archiveVersion = 1;
	classes = {
	};
	objectVersion = 56;
	objects = {

/* Begin PBXBuildFile section */
		EB1514B92A20DC9C00E39014 /* KanaSearchApp.swift in Sources */ = {isa = PBXBuildFile; fileRef = EB1514B82A20DC9C00E39014 /* KanaSearchApp.swift */; };
		EB1514BB2A20DC9C00E39014 /* ContentView.swift in Sources */ = {isa = PBXBuildFile; fileRef = EB1514BA2A20DC9C00E39014 /* ContentView.swift */; };
		EB1514BD2A20DCA000E39014 /* Assets.xcassets in Resources */ = {isa = PBXBuildFile; fileRef = EB1514BC2A20DCA000E39014 /* Assets.xcassets */; };
		EB1514C12A20DCA000E39014 /* Preview Assets.xcassets in Resources */ = {isa = PBXBuildFile; fileRef = EB1514C02A20DCA000E39014 /* Preview Assets.xcassets */; };
		EB1514C82A21063100E39014 /* MapView.swift in Sources */ = {isa = PBXBuildFile; fileRef = EB1514C72A21063100E39014 /* MapView.swift */; };
		EB1514CA2A211B3B00E39014 /* NearbyStationData.swift in Sources */ = {isa = PBXBuildFile; fileRef = EB1514C92A211B3B00E39014 /* NearbyStationData.swift */; };
		EB1514CC2A211EEB00E39014 /* NearbyStationFetcher.swift in Sources */ = {isa = PBXBuildFile; fileRef = EB1514CB2A211EEB00E39014 /* NearbyStationFetcher.swift */; };
		EB1514CE2A211F2500E39014 /* APIError.swift in Sources */ = {isa = PBXBuildFile; fileRef = EB1514CD2A211F2500E39014 /* APIError.swift */; };
		EB1514D32A21218700E39014 /* ContentViewModel.swift in Sources */ = {isa = PBXBuildFile; fileRef = EB1514D22A21218700E39014 /* ContentViewModel.swift */; };
		EB1514D62A21228200E39014 /* StationListView.swift in Sources */ = {isa = PBXBuildFile; fileRef = EB1514D52A21228200E39014 /* StationListView.swift */; };
		EB5855302A223F4100E50187 /* SheetView.swift in Sources */ = {isa = PBXBuildFile; fileRef = EB58552F2A223F4100E50187 /* SheetView.swift */; };
/* End PBXBuildFile section */

/* Begin PBXFileReference section */
		EB1514B52A20DC9C00E39014 /* KanaSearch.app */ = {isa = PBXFileReference; explicitFileType = wrapper.application; includeInIndex = 0; path = KanaSearch.app; sourceTree = BUILT_PRODUCTS_DIR; };
		EB1514B82A20DC9C00E39014 /* KanaSearchApp.swift */ = {isa = PBXFileReference; lastKnownFileType = sourcecode.swift; path = KanaSearchApp.swift; sourceTree = "<group>"; };
		EB1514BA2A20DC9C00E39014 /* ContentView.swift */ = {isa = PBXFileReference; lastKnownFileType = sourcecode.swift; path = ContentView.swift; sourceTree = "<group>"; };
		EB1514BC2A20DCA000E39014 /* Assets.xcassets */ = {isa = PBXFileReference; lastKnownFileType = folder.assetcatalog; path = Assets.xcassets; sourceTree = "<group>"; };
		EB1514BE2A20DCA000E39014 /* KanaSearch.entitlements */ = {isa = PBXFileReference; lastKnownFileType = text.plist.entitlements; path = KanaSearch.entitlements; sourceTree = "<group>"; };
		EB1514C02A20DCA000E39014 /* Preview Assets.xcassets */ = {isa = PBXFileReference; lastKnownFileType = folder.assetcatalog; path = "Preview Assets.xcassets"; sourceTree = "<group>"; };
		EB1514C72A21063100E39014 /* MapView.swift */ = {isa = PBXFileReference; lastKnownFileType = sourcecode.swift; path = MapView.swift; sourceTree = "<group>"; };
		EB1514C92A211B3B00E39014 /* NearbyStationData.swift */ = {isa = PBXFileReference; lastKnownFileType = sourcecode.swift; path = NearbyStationData.swift; sourceTree = "<group>"; };
		EB1514CB2A211EEB00E39014 /* NearbyStationFetcher.swift */ = {isa = PBXFileReference; lastKnownFileType = sourcecode.swift; path = NearbyStationFetcher.swift; sourceTree = "<group>"; };
		EB1514CD2A211F2500E39014 /* APIError.swift */ = {isa = PBXFileReference; lastKnownFileType = sourcecode.swift; path = APIError.swift; sourceTree = "<group>"; };
		EB1514D22A21218700E39014 /* ContentViewModel.swift */ = {isa = PBXFileReference; lastKnownFileType = sourcecode.swift; path = ContentViewModel.swift; sourceTree = "<group>"; };
		EB1514D52A21228200E39014 /* StationListView.swift */ = {isa = PBXFileReference; lastKnownFileType = sourcecode.swift; path = StationListView.swift; sourceTree = "<group>"; };
		EB58552F2A223F4100E50187 /* SheetView.swift */ = {isa = PBXFileReference; lastKnownFileType = sourcecode.swift; path = SheetView.swift; sourceTree = "<group>"; };
/* End PBXFileReference section */

/* Begin PBXFrameworksBuildPhase section */
		EB1514B22A20DC9C00E39014 /* Frameworks */ = {
			isa = PBXFrameworksBuildPhase;
			buildActionMask = 2147483647;
			files = (
			);
			runOnlyForDeploymentPostprocessing = 0;
		};
/* End PBXFrameworksBuildPhase section */

/* Begin PBXGroup section */
		EB1514AC2A20DC9C00E39014 = {
			isa = PBXGroup;
			children = (
				EB1514B72A20DC9C00E39014 /* KanaSearch */,
				EB1514B62A20DC9C00E39014 /* Products */,
			);
			sourceTree = "<group>";
		};
		EB1514B62A20DC9C00E39014 /* Products */ = {
			isa = PBXGroup;
			children = (
				EB1514B52A20DC9C00E39014 /* KanaSearch.app */,
			);
			name = Products;
			sourceTree = "<group>";
		};
		EB1514B72A20DC9C00E39014 /* KanaSearch */ = {
			isa = PBXGroup;
			children = (
				EB1514B82A20DC9C00E39014 /* KanaSearchApp.swift */,
				EB1514D12A2120D100E39014 /* Views */,
				EB1514D42A21219E00E39014 /* ViewModel */,
				EB1514D02A2120BB00E39014 /* Model */,
				EB1514CF2A2120A400E39014 /* Other */,
				EB1514BC2A20DCA000E39014 /* Assets.xcassets */,
				EB1514BE2A20DCA000E39014 /* KanaSearch.entitlements */,
				EB1514BF2A20DCA000E39014 /* Preview Content */,
			);
			path = KanaSearch;
			sourceTree = "<group>";
		};
		EB1514BF2A20DCA000E39014 /* Preview Content */ = {
			isa = PBXGroup;
			children = (
				EB1514C02A20DCA000E39014 /* Preview Assets.xcassets */,
			);
			path = "Preview Content";
			sourceTree = "<group>";
		};
		EB1514CF2A2120A400E39014 /* Other */ = {
			isa = PBXGroup;
			children = (
				EB1514CB2A211EEB00E39014 /* NearbyStationFetcher.swift */,
				EB1514CD2A211F2500E39014 /* APIError.swift */,
			);
			path = Other;
			sourceTree = "<group>";
		};
		EB1514D02A2120BB00E39014 /* Model */ = {
			isa = PBXGroup;
			children = (
				EB1514C92A211B3B00E39014 /* NearbyStationData.swift */,
			);
			path = Model;
			sourceTree = "<group>";
		};
		EB1514D12A2120D100E39014 /* Views */ = {
			isa = PBXGroup;
			children = (
				EB1514BA2A20DC9C00E39014 /* ContentView.swift */,
				EB58552F2A223F4100E50187 /* SheetView.swift */,
				EB1514C72A21063100E39014 /* MapView.swift */,
				EB1514D52A21228200E39014 /* StationListView.swift */,
			);
			path = Views;
			sourceTree = "<group>";
		};
		EB1514D42A21219E00E39014 /* ViewModel */ = {
			isa = PBXGroup;
			children = (
				EB1514D22A21218700E39014 /* ContentViewModel.swift */,
			);
			path = ViewModel;
			sourceTree = "<group>";
		};
/* End PBXGroup section */

/* Begin PBXNativeTarget section */
		EB1514B42A20DC9C00E39014 /* KanaSearch */ = {
			isa = PBXNativeTarget;
			buildConfigurationList = EB1514C42A20DCA000E39014 /* Build configuration list for PBXNativeTarget "KanaSearch" */;
			buildPhases = (
				EB1514B12A20DC9C00E39014 /* Sources */,
				EB1514B22A20DC9C00E39014 /* Frameworks */,
				EB1514B32A20DC9C00E39014 /* Resources */,
			);
			buildRules = (
			);
			dependencies = (
			);
			name = KanaSearch;
			productName = KanaSearch;
			productReference = EB1514B52A20DC9C00E39014 /* KanaSearch.app */;
			productType = "com.apple.product-type.application";
		};
/* End PBXNativeTarget section */

/* Begin PBXProject section */
		EB1514AD2A20DC9C00E39014 /* Project object */ = {
			isa = PBXProject;
			attributes = {
				BuildIndependentTargetsInParallel = 1;
				LastSwiftUpdateCheck = 1430;
				LastUpgradeCheck = 1430;
				TargetAttributes = {
					EB1514B42A20DC9C00E39014 = {
						CreatedOnToolsVersion = 14.3;
					};
				};
			};
			buildConfigurationList = EB1514B02A20DC9C00E39014 /* Build configuration list for PBXProject "KanaSearch" */;
			compatibilityVersion = "Xcode 14.0";
			developmentRegion = en;
			hasScannedForEncodings = 0;
			knownRegions = (
				en,
				Base,
			);
			mainGroup = EB1514AC2A20DC9C00E39014;
			productRefGroup = EB1514B62A20DC9C00E39014 /* Products */;
			projectDirPath = "";
			projectRoot = "";
			targets = (
				EB1514B42A20DC9C00E39014 /* KanaSearch */,
			);
		};
/* End PBXProject section */

/* Begin PBXResourcesBuildPhase section */
		EB1514B32A20DC9C00E39014 /* Resources */ = {
			isa = PBXResourcesBuildPhase;
			buildActionMask = 2147483647;
			files = (
				EB1514C12A20DCA000E39014 /* Preview Assets.xcassets in Resources */,
				EB1514BD2A20DCA000E39014 /* Assets.xcassets in Resources */,
			);
			runOnlyForDeploymentPostprocessing = 0;
		};
/* End PBXResourcesBuildPhase section */

/* Begin PBXSourcesBuildPhase section */
		EB1514B12A20DC9C00E39014 /* Sources */ = {
			isa = PBXSourcesBuildPhase;
			buildActionMask = 2147483647;
			files = (
				EB1514BB2A20DC9C00E39014 /* ContentView.swift in Sources */,
				EB5855302A223F4100E50187 /* SheetView.swift in Sources */,
				EB1514D62A21228200E39014 /* StationListView.swift in Sources */,
				EB1514C82A21063100E39014 /* MapView.swift in Sources */,
				EB1514CC2A211EEB00E39014 /* NearbyStationFetcher.swift in Sources */,
				EB1514B92A20DC9C00E39014 /* KanaSearchApp.swift in Sources */,
				EB1514D32A21218700E39014 /* ContentViewModel.swift in Sources */,
				EB1514CA2A211B3B00E39014 /* NearbyStationData.swift in Sources */,
				EB1514CE2A211F2500E39014 /* APIError.swift in Sources */,
			);
			runOnlyForDeploymentPostprocessing = 0;
		};
/* End PBXSourcesBuildPhase section */

/* Begin XCBuildConfiguration section */
		EB1514C22A20DCA000E39014 /* Debug */ = {
			isa = XCBuildConfiguration;
			buildSettings = {
				ALWAYS_SEARCH_USER_PATHS = NO;
				CLANG_ANALYZER_NONNULL = YES;
				CLANG_ANALYZER_NUMBER_OBJECT_CONVERSION = YES_AGGRESSIVE;
				CLANG_CXX_LANGUAGE_STANDARD = "gnu++20";
				CLANG_ENABLE_MODULES = YES;
				CLANG_ENABLE_OBJC_ARC = YES;
				CLANG_ENABLE_OBJC_WEAK = YES;
				CLANG_WARN_BLOCK_CAPTURE_AUTORELEASING = YES;
				CLANG_WARN_BOOL_CONVERSION = YES;
				CLANG_WARN_COMMA = YES;
				CLANG_WARN_CONSTANT_CONVERSION = YES;
				CLANG_WARN_DEPRECATED_OBJC_IMPLEMENTATIONS = YES;
				CLANG_WARN_DIRECT_OBJC_ISA_USAGE = YES_ERROR;
				CLANG_WARN_DOCUMENTATION_COMMENTS = YES;
				CLANG_WARN_EMPTY_BODY = YES;
				CLANG_WARN_ENUM_CONVERSION = YES;
				CLANG_WARN_INFINITE_RECURSION = YES;
				CLANG_WARN_INT_CONVERSION = YES;
				CLANG_WARN_NON_LITERAL_NULL_CONVERSION = YES;
				CLANG_WARN_OBJC_IMPLICIT_RETAIN_SELF = YES;
				CLANG_WARN_OBJC_LITERAL_CONVERSION = YES;
				CLANG_WARN_OBJC_ROOT_CLASS = YES_ERROR;
				CLANG_WARN_QUOTED_INCLUDE_IN_FRAMEWORK_HEADER = YES;
				CLANG_WARN_RANGE_LOOP_ANALYSIS = YES;
				CLANG_WARN_STRICT_PROTOTYPES = YES;
				CLANG_WARN_SUSPICIOUS_MOVE = YES;
				CLANG_WARN_UNGUARDED_AVAILABILITY = YES_AGGRESSIVE;
				CLANG_WARN_UNREACHABLE_CODE = YES;
				CLANG_WARN__DUPLICATE_METHOD_MATCH = YES;
				COPY_PHASE_STRIP = NO;
				DEBUG_INFORMATION_FORMAT = dwarf;
				ENABLE_STRICT_OBJC_MSGSEND = YES;
				ENABLE_TESTABILITY = YES;
				GCC_C_LANGUAGE_STANDARD = gnu11;
				GCC_DYNAMIC_NO_PIC = NO;
				GCC_NO_COMMON_BLOCKS = YES;
				GCC_OPTIMIZATION_LEVEL = 0;
				GCC_PREPROCESSOR_DEFINITIONS = (
					"DEBUG=1",
					"$(inherited)",
				);
				GCC_WARN_64_TO_32_BIT_CONVERSION = YES;
				GCC_WARN_ABOUT_RETURN_TYPE = YES_ERROR;
				GCC_WARN_UNDECLARED_SELECTOR = YES;
				GCC_WARN_UNINITIALIZED_AUTOS = YES_AGGRESSIVE;
				GCC_WARN_UNUSED_FUNCTION = YES;
				GCC_WARN_UNUSED_VARIABLE = YES;
				MTL_ENABLE_DEBUG_INFO = INCLUDE_SOURCE;
				MTL_FAST_MATH = YES;
				ONLY_ACTIVE_ARCH = YES;
				SWIFT_ACTIVE_COMPILATION_CONDITIONS = DEBUG;
				SWIFT_OPTIMIZATION_LEVEL = "-Onone";
			};
			name = Debug;
		};
		EB1514C32A20DCA000E39014 /* Release */ = {
			isa = XCBuildConfiguration;
			buildSettings = {
				ALWAYS_SEARCH_USER_PATHS = NO;
				CLANG_ANALYZER_NONNULL = YES;
				CLANG_ANALYZER_NUMBER_OBJECT_CONVERSION = YES_AGGRESSIVE;
				CLANG_CXX_LANGUAGE_STANDARD = "gnu++20";
				CLANG_ENABLE_MODULES = YES;
				CLANG_ENABLE_OBJC_ARC = YES;
				CLANG_ENABLE_OBJC_WEAK = YES;
				CLANG_WARN_BLOCK_CAPTURE_AUTORELEASING = YES;
				CLANG_WARN_BOOL_CONVERSION = YES;
				CLANG_WARN_COMMA = YES;
				CLANG_WARN_CONSTANT_CONVERSION = YES;
				CLANG_WARN_DEPRECATED_OBJC_IMPLEMENTATIONS = YES;
				CLANG_WARN_DIRECT_OBJC_ISA_USAGE = YES_ERROR;
				CLANG_WARN_DOCUMENTATION_COMMENTS = YES;
				CLANG_WARN_EMPTY_BODY = YES;
				CLANG_WARN_ENUM_CONVERSION = YES;
				CLANG_WARN_INFINITE_RECURSION = YES;
				CLANG_WARN_INT_CONVERSION = YES;
				CLANG_WARN_NON_LITERAL_NULL_CONVERSION = YES;
				CLANG_WARN_OBJC_IMPLICIT_RETAIN_SELF = YES;
				CLANG_WARN_OBJC_LITERAL_CONVERSION = YES;
				CLANG_WARN_OBJC_ROOT_CLASS = YES_ERROR;
				CLANG_WARN_QUOTED_INCLUDE_IN_FRAMEWORK_HEADER = YES;
				CLANG_WARN_RANGE_LOOP_ANALYSIS = YES;
				CLANG_WARN_STRICT_PROTOTYPES = YES;
				CLANG_WARN_SUSPICIOUS_MOVE = YES;
				CLANG_WARN_UNGUARDED_AVAILABILITY = YES_AGGRESSIVE;
				CLANG_WARN_UNREACHABLE_CODE = YES;
				CLANG_WARN__DUPLICATE_METHOD_MATCH = YES;
				COPY_PHASE_STRIP = NO;
				DEBUG_INFORMATION_FORMAT = "dwarf-with-dsym";
				ENABLE_NS_ASSERTIONS = NO;
				ENABLE_STRICT_OBJC_MSGSEND = YES;
				GCC_C_LANGUAGE_STANDARD = gnu11;
				GCC_NO_COMMON_BLOCKS = YES;
				GCC_WARN_64_TO_32_BIT_CONVERSION = YES;
				GCC_WARN_ABOUT_RETURN_TYPE = YES_ERROR;
				GCC_WARN_UNDECLARED_SELECTOR = YES;
				GCC_WARN_UNINITIALIZED_AUTOS = YES_AGGRESSIVE;
				GCC_WARN_UNUSED_FUNCTION = YES;
				GCC_WARN_UNUSED_VARIABLE = YES;
				MTL_ENABLE_DEBUG_INFO = NO;
				MTL_FAST_MATH = YES;
				SWIFT_COMPILATION_MODE = wholemodule;
				SWIFT_OPTIMIZATION_LEVEL = "-O";
			};
			name = Release;
		};
		EB1514C52A20DCA000E39014 /* Debug */ = {
			isa = XCBuildConfiguration;
			buildSettings = {
				ASSETCATALOG_COMPILER_APPICON_NAME = AppIcon;
				ASSETCATALOG_COMPILER_GLOBAL_ACCENT_COLOR_NAME = AccentColor;
				CODE_SIGN_ENTITLEMENTS = KanaSearch/KanaSearch.entitlements;
				CODE_SIGN_STYLE = Automatic;
				CURRENT_PROJECT_VERSION = 1;
				DEVELOPMENT_ASSET_PATHS = "\"KanaSearch/Preview Content\"";
				DEVELOPMENT_TEAM = VXRZ4F779B;
				ENABLE_HARDENED_RUNTIME = YES;
				ENABLE_PREVIEWS = YES;
				GENERATE_INFOPLIST_FILE = YES;
				"INFOPLIST_KEY_UIApplicationSceneManifest_Generation[sdk=iphoneos*]" = YES;
				"INFOPLIST_KEY_UIApplicationSceneManifest_Generation[sdk=iphonesimulator*]" = YES;
				"INFOPLIST_KEY_UIApplicationSupportsIndirectInputEvents[sdk=iphoneos*]" = YES;
				"INFOPLIST_KEY_UIApplicationSupportsIndirectInputEvents[sdk=iphonesimulator*]" = YES;
				"INFOPLIST_KEY_UILaunchScreen_Generation[sdk=iphoneos*]" = YES;
				"INFOPLIST_KEY_UILaunchScreen_Generation[sdk=iphonesimulator*]" = YES;
				"INFOPLIST_KEY_UIStatusBarStyle[sdk=iphoneos*]" = UIStatusBarStyleDefault;
				"INFOPLIST_KEY_UIStatusBarStyle[sdk=iphonesimulator*]" = UIStatusBarStyleDefault;
				INFOPLIST_KEY_UISupportedInterfaceOrientations_iPad = "UIInterfaceOrientationPortrait UIInterfaceOrientationPortraitUpsideDown UIInterfaceOrientationLandscapeLeft UIInterfaceOrientationLandscapeRight";
				INFOPLIST_KEY_UISupportedInterfaceOrientations_iPhone = "UIInterfaceOrientationPortrait UIInterfaceOrientationLandscapeLeft UIInterfaceOrientationLandscapeRight";
				IPHONEOS_DEPLOYMENT_TARGET = 16.4;
				LD_RUNPATH_SEARCH_PATHS = "@executable_path/Frameworks";
				"LD_RUNPATH_SEARCH_PATHS[sdk=macosx*]" = "@executable_path/../Frameworks";
				MACOSX_DEPLOYMENT_TARGET = 13.3;
				MARKETING_VERSION = 1.0;
				PRODUCT_BUNDLE_IDENTIFIER = com.Yuichiro.KanaSearch;
				PRODUCT_NAME = "$(TARGET_NAME)";
				SDKROOT = auto;
				SUPPORTED_PLATFORMS = "iphoneos iphonesimulator macosx";
				SWIFT_EMIT_LOC_STRINGS = YES;
				SWIFT_VERSION = 5.0;
				TARGETED_DEVICE_FAMILY = "1,2";
			};
			name = Debug;
		};
		EB1514C62A20DCA000E39014 /* Release */ = {
			isa = XCBuildConfiguration;
			buildSettings = {
				ASSETCATALOG_COMPILER_APPICON_NAME = AppIcon;
				ASSETCATALOG_COMPILER_GLOBAL_ACCENT_COLOR_NAME = AccentColor;
				CODE_SIGN_ENTITLEMENTS = KanaSearch/KanaSearch.entitlements;
				CODE_SIGN_STYLE = Automatic;
				CURRENT_PROJECT_VERSION = 1;
				DEVELOPMENT_ASSET_PATHS = "\"KanaSearch/Preview Content\"";
				DEVELOPMENT_TEAM = VXRZ4F779B;
				ENABLE_HARDENED_RUNTIME = YES;
				ENABLE_PREVIEWS = YES;
				GENERATE_INFOPLIST_FILE = YES;
				"INFOPLIST_KEY_UIApplicationSceneManifest_Generation[sdk=iphoneos*]" = YES;
				"INFOPLIST_KEY_UIApplicationSceneManifest_Generation[sdk=iphonesimulator*]" = YES;
				"INFOPLIST_KEY_UIApplicationSupportsIndirectInputEvents[sdk=iphoneos*]" = YES;
				"INFOPLIST_KEY_UIApplicationSupportsIndirectInputEvents[sdk=iphonesimulator*]" = YES;
				"INFOPLIST_KEY_UILaunchScreen_Generation[sdk=iphoneos*]" = YES;
				"INFOPLIST_KEY_UILaunchScreen_Generation[sdk=iphonesimulator*]" = YES;
				"INFOPLIST_KEY_UIStatusBarStyle[sdk=iphoneos*]" = UIStatusBarStyleDefault;
				"INFOPLIST_KEY_UIStatusBarStyle[sdk=iphonesimulator*]" = UIStatusBarStyleDefault;
				INFOPLIST_KEY_UISupportedInterfaceOrientations_iPad = "UIInterfaceOrientationPortrait UIInterfaceOrientationPortraitUpsideDown UIInterfaceOrientationLandscapeLeft UIInterfaceOrientationLandscapeRight";
				INFOPLIST_KEY_UISupportedInterfaceOrientations_iPhone = "UIInterfaceOrientationPortrait UIInterfaceOrientationLandscapeLeft UIInterfaceOrientationLandscapeRight";
				IPHONEOS_DEPLOYMENT_TARGET = 16.4;
				LD_RUNPATH_SEARCH_PATHS = "@executable_path/Frameworks";
				"LD_RUNPATH_SEARCH_PATHS[sdk=macosx*]" = "@executable_path/../Frameworks";
				MACOSX_DEPLOYMENT_TARGET = 13.3;
				MARKETING_VERSION = 1.0;
				PRODUCT_BUNDLE_IDENTIFIER = com.Yuichiro.KanaSearch;
				PRODUCT_NAME = "$(TARGET_NAME)";
				SDKROOT = auto;
				SUPPORTED_PLATFORMS = "iphoneos iphonesimulator macosx";
				SWIFT_EMIT_LOC_STRINGS = YES;
				SWIFT_VERSION = 5.0;
				TARGETED_DEVICE_FAMILY = "1,2";
			};
			name = Release;
		};
/* End XCBuildConfiguration section */

/* Begin XCConfigurationList section */
		EB1514B02A20DC9C00E39014 /* Build configuration list for PBXProject "KanaSearch" */ = {
			isa = XCConfigurationList;
			buildConfigurations = (
				EB1514C22A20DCA000E39014 /* Debug */,
				EB1514C32A20DCA000E39014 /* Release */,
			);
			defaultConfigurationIsVisible = 0;
			defaultConfigurationName = Release;
		};
		EB1514C42A20DCA000E39014 /* Build configuration list for PBXNativeTarget "KanaSearch" */ = {
			isa = XCConfigurationList;
			buildConfigurations = (
				EB1514C52A20DCA000E39014 /* Debug */,
				EB1514C62A20DCA000E39014 /* Release */,
			);
			defaultConfigurationIsVisible = 0;
			defaultConfigurationName = Release;
		};
/* End XCConfigurationList section */
	};
	rootObject = EB1514AD2A20DC9C00E39014 /* Project object */;
}
